
Microsoft Visual Studio Solution File, Format Version 11.00
# Visual C# Express 2010
Project("{FAE04EC0-301F-11D3-BF4B-00C04F79EFBC}") = "RompiendoMal", "RompiendoMal\RompiendoMal\RompiendoMal.csproj", "{78289102-7A5A-422F-981D-339C30B0750D}"
EndProject
Project("{96E2B04D-8817-42C6-938A-82C39BA4D311}") = "RompiendoMalContent", "RompiendoMal\RompiendoMalContent\RompiendoMalContent.contentproj", "{9011E733-7D10-4F27-9BCD-4D23F33DB834}"
EndProject
Global
	GlobalSection(SolutionConfigurationPlatforms) = preSolution
		Debug|x86 = Debug|x86
		Release|x86 = Release|x86
	EndGlobalSection
	GlobalSection(ProjectConfigurationPlatforms) = postSolution
		{78289102-7A5A-422F-981D-339C30B0750D}.Debug|x86.ActiveCfg = Debug|x86
		{78289102-7A5A-422F-981D-339C30B0750D}.Debug|x86.Build.0 = Debug|x86
		{78289102-7A5A-422F-981D-339C30B0750D}.Release|x86.ActiveCfg = Release|x86
		{78289102-7A5A-422F-981D-339C30B0750D}.Release|x86.Build.0 = Release|x86
		{9011E733-7D10-4F27-9BCD-4D23F33DB834}.Debug|x86.ActiveCfg = Debug|x86
		{9011E733-7D10-4F27-9BCD-4D23F33DB834}.Release|x86.ActiveCfg = Release|x86
	EndGlobalSection
	GlobalSection(SolutionProperties) = preSolution
		HideSolutionNode = FALSE
	EndGlobalSection
EndGlobal
